{
  "name": "webgpu-",
  "version": "1.0.0",
  "lockfileVersion": 2,
  "requires": true,
  "packages": {
    "": {
      "name": "webgpu-",
      "version": "1.0.0",
      "license": "ISC",
      "dependencies": {
        "@webgpu/types": "^0.1.21"
      }
    },
    "node_modules/@webgpu/types": {
      "version": "0.1.21",
      "resolved": "https://mirrors.tencent.com/npm/@webgpu%2ftypes/-/types-0.1.21.tgz",
      "integrity": "sha512-pUrWq3V5PiSGFLeLxoGqReTZmiiXwY3jRkIG5sLLKjyqNxrwm/04b4nw7LSmGWJcKk59XOM/YRTUwOzo4MMlow==",
      "license": "BSD-3-Clause"
    }
  },
  "dependencies": {
    "@webgpu/types": {
      "version": "0.1.21",
      "resolved": "https://mirrors.tencent.com/npm/@webgpu%2ftypes/-/types-0.1.21.tgz",
      "integrity": "sha512-pUrWq3V5PiSGFLeLxoGqReTZmiiXwY3jRkIG5sLLKjyqNxrwm/04b4nw7LSmGWJcKk59XOM/YRTUwOzo4MMlow=="
    }
  }
}
